
Microsoft Visual Studio Solution File, Format Version 12.00
# Visual Studio Version 16
VisualStudioVersion = 16.0.29025.244
MinimumVisualStudioVersion = 10.0.40219.1
Project("{FAE04EC0-301F-11D3-BF4B-00C04F79EFBC}") = "IntroduccionEfcLinqJwt", "IntroduccionEfcLinqJwt\IntroduccionEfcLinqJwt.csproj", "{E6CBBA68-B424-4371-BF26-AF140838372B}"
EndProject
Global
	GlobalSection(SolutionConfigurationPlatforms) = preSolution
		Debug|Any CPU = Debug|Any CPU
		Release|Any CPU = Release|Any CPU
	EndGlobalSection
	GlobalSection(ProjectConfigurationPlatforms) = postSolution
		{E6CBBA68-B424-4371-BF26-AF140838372B}.Debug|Any CPU.ActiveCfg = Debug|Any CPU
		{E6CBBA68-B424-4371-BF26-AF140838372B}.Debug|Any CPU.Build.0 = Debug|Any CPU
		{E6CBBA68-B424-4371-BF26-AF140838372B}.Release|Any CPU.ActiveCfg = Release|Any CPU
		{E6CBBA68-B424-4371-BF26-AF140838372B}.Release|Any CPU.Build.0 = Release|Any CPU
	EndGlobalSection
	GlobalSection(SolutionProperties) = preSolution
		HideSolutionNode = FALSE
	EndGlobalSection
	GlobalSection(ExtensibilityGlobals) = postSolution
		SolutionGuid = {3335E928-C570-4172-9EB2-CD5EF34D92EF}
	EndGlobalSection
EndGlobal
